
Microsoft Visual Studio Solution File, Format Version 12.00
# Visual Studio Version 17
VisualStudioVersion = 17.7.34031.279
MinimumVisualStudioVersion = 10.0.40219.1
Project("{FAE04EC0-301F-11D3-BF4B-00C04F79EFBC}") = "Projekt", "Projekt\Projekt.csproj", "{C5E40FD6-C1DD-4B5E-827A-F9D456A8D389}"
EndProject
Project("{FAE04EC0-301F-11D3-BF4B-00C04F79EFBC}") = "ProjektLib", "ProjektLib\ProjektLib.csproj", "{449CE2B9-9732-4C3C-A5F6-A3E52DE1DED6}"
EndProject
Global
	GlobalSection(SolutionConfigurationPlatforms) = preSolution
		Debug|Any CPU = Debug|Any CPU
		Release|Any CPU = Release|Any CPU
	EndGlobalSection
	GlobalSection(ProjectConfigurationPlatforms) = postSolution
		{C5E40FD6-C1DD-4B5E-827A-F9D456A8D389}.Debug|Any CPU.ActiveCfg = Debug|Any CPU
		{C5E40FD6-C1DD-4B5E-827A-F9D456A8D389}.Debug|Any CPU.Build.0 = Debug|Any CPU
		{C5E40FD6-C1DD-4B5E-827A-F9D456A8D389}.Release|Any CPU.ActiveCfg = Release|Any CPU
		{C5E40FD6-C1DD-4B5E-827A-F9D456A8D389}.Release|Any CPU.Build.0 = Release|Any CPU
		{449CE2B9-9732-4C3C-A5F6-A3E52DE1DED6}.Debug|Any CPU.ActiveCfg = Debug|Any CPU
		{449CE2B9-9732-4C3C-A5F6-A3E52DE1DED6}.Debug|Any CPU.Build.0 = Debug|Any CPU
		{449CE2B9-9732-4C3C-A5F6-A3E52DE1DED6}.Release|Any CPU.ActiveCfg = Release|Any CPU
		{449CE2B9-9732-4C3C-A5F6-A3E52DE1DED6}.Release|Any CPU.Build.0 = Release|Any CPU
	EndGlobalSection
	GlobalSection(SolutionProperties) = preSolution
		HideSolutionNode = FALSE
	EndGlobalSection
	GlobalSection(ExtensibilityGlobals) = postSolution
		SolutionGuid = {87833E13-B585-418D-B974-ECE173D5E2FB}
	EndGlobalSection
EndGlobal
